# THIS IS AN AUTOGENERATED FILE. DO NOT EDIT THIS FILE DIRECTLY.
# yarn lockfile v1


asynckit@^0.4.0:
  version "0.4.0"
  resolved "https://registry.yarnpkg.com/asynckit/-/asynckit-0.4.0.tgz#c79ed97f7f34cb8f2ba1bc9790bcc366474b4b79"

babel-runtime@^6.11.6:
  version "6.23.0"
  resolved "https://registry.yarnpkg.com/babel-runtime/-/babel-runtime-6.23.0.tgz#0a9489f144de70efb3ce4300accdb329e2fc543b"
  dependencies:
    core-js "^2.4.0"
    regenerator-runtime "^0.10.0"

buffer-to-arraybuffer@0.0.4:
  version "0.0.4"
  resolved "https://registry.yarnpkg.com/buffer-to-arraybuffer/-/buffer-to-arraybuffer-0.0.4.tgz#f3e5e3f6f2632c71e7cdebe76ed1718fad421d4c"

combined-stream@^1.0.5:
  version "1.0.5"
  resolved "https://registry.yarnpkg.com/combined-stream/-/combined-stream-1.0.5.tgz#938370a57b4a51dea2c77c15d5c5fdf895164009"
  dependencies:
    delayed-stream "~1.0.0"

core-js@^2.4.0:
  version "2.4.1"
  resolved "https://registry.yarnpkg.com/core-js/-/core-js-2.4.1.tgz#4de911e667b0eae9124e34254b53aea6fc618d3e"

delayed-stream@~1.0.0:
  version "1.0.0"
  resolved "https://registry.yarnpkg.com/delayed-stream/-/delayed-stream-1.0.0.tgz#df3ae199acadfb7d440aaae0b29e2272b24ec619"

encoding@^0.1.11:
  version "0.1.12"
  resolved "https://registry.yarnpkg.com/encoding/-/encoding-0.1.12.tgz#538b66f3ee62cd1ab51ec323829d1f9480c74beb"
  dependencies:
    iconv-lite "~0.4.13"

form-data@^2.1.4:
  version "2.1.4"
  resolved "https://registry.yarnpkg.com/form-data/-/form-data-2.1.4.tgz#33c183acf193276ecaa98143a69e94bfee1750d1"
  dependencies:
    asynckit "^0.4.0"
    combined-stream "^1.0.5"
    mime-types "^2.1.12"

iconv-lite@~0.4.13:
  version "0.4.17"
  resolved "https://registry.yarnpkg.com/iconv-lite/-/iconv-lite-0.4.17.tgz#4fdaa3b38acbc2c031b045d0edcdfe1ecab18c8d"

is-stream@^1.0.1:
  version "1.1.0"
  resolved "https://registry.yarnpkg.com/is-stream/-/is-stream-1.1.0.tgz#12d4a3dd4e68e0b79ceb8dbc84173ae80d91ca44"

lodash@3.10.1:
  version "3.10.1"
  resolved "https://registry.yarnpkg.com/lodash/-/lodash-3.10.1.tgz#5bf45e8e49ba4189e17d482789dfd15bd140b7b6"

mime-db@~1.27.0:
  version "1.27.0"
  resolved "https://registry.yarnpkg.com/mime-db/-/mime-db-1.27.0.tgz#820f572296bbd20ec25ed55e5b5de869e5436eb1"

mime-types@^2.1.12:
  version "2.1.15"
  resolved "https://registry.yarnpkg.com/mime-types/-/mime-types-2.1.15.tgz#a4ebf5064094569237b8cf70046776d09fc92aed"
  dependencies:
    mime-db "~1.27.0"

node-fetch@2.0.0-alpha.3:
  version "2.0.0-alpha.3"
  resolved "https://registry.yarnpkg.com/node-fetch/-/node-fetch-2.0.0-alpha.3.tgz#8031bded671c806e4604c16b27ab1973b4fe88cc"
  dependencies:
    babel-runtime "^6.11.6"
    buffer-to-arraybuffer "0.0.4"
    encoding "^0.1.11"
    is-stream "^1.0.1"

regenerator-runtime@^0.10.0:
  version "0.10.5"
  resolved "https://registry.yarnpkg.com/regenerator-runtime/-/regenerator-runtime-0.10.5.tgz#336c3efc1220adcedda2c9fab67b5a7955a33658"

saml-encoder-decoder-js@^1.0.1:
  version "1.0.1"
  resolved "https://registry.yarnpkg.com/saml-encoder-decoder-js/-/saml-encoder-decoder-js-1.0.1.tgz#5b945ef57fe063d62f558800bc6a1747c51c9059"

saml20@^0.1.14:
  version "0.1.14"
  resolved "https://registry.yarnpkg.com/saml20/-/saml20-0.1.14.tgz#e6c21062444c178f3779daba20a21d50dcff38ca"
  dependencies:
    lodash "3.10.1"
    thumbprint "0.0.1"
    xml-crypto "0.8.1"
    xml2js "0.4.4"
    xmldom "0.1.19"

sax@0.6.x:
  version "0.6.1"
  resolved "https://registry.yarnpkg.com/sax/-/sax-0.6.1.tgz#563b19c7c1de892e09bfc4f2fc30e3c27f0952b9"

syncano-server@beta:
  version "0.8.1-2"
  resolved "https://registry.yarnpkg.com/syncano-server/-/syncano-server-0.8.1-2.tgz#20e3fdb0a85616460c4cfe752a3adb31aab05341"
  dependencies:
    form-data "^2.1.4"
    node-fetch "2.0.0-alpha.3"

thumbprint@0.0.1:
  version "0.0.1"
  resolved "https://registry.yarnpkg.com/thumbprint/-/thumbprint-0.0.1.tgz#55e86f9a9b14efb45b15c039645d47b6226bb777"

xml-crypto@0.8.1:
  version "0.8.1"
  resolved "https://registry.yarnpkg.com/xml-crypto/-/xml-crypto-0.8.1.tgz#2f6c5b8fcdd16658e456f31a0c70b41cb6554fa4"
  dependencies:
    xmldom "=0.1.19"
    xpath.js ">=0.0.3"

xml2js@0.4.4:
  version "0.4.4"
  resolved "https://registry.yarnpkg.com/xml2js/-/xml2js-0.4.4.tgz#3111010003008ae19240eba17497b57c729c555d"
  dependencies:
    sax "0.6.x"
    xmlbuilder ">=1.0.0"

xmlbuilder@>=1.0.0:
  version "9.0.0"
  resolved "https://registry.yarnpkg.com/xmlbuilder/-/xmlbuilder-9.0.0.tgz#a9311b3f8509345700c49a8f79be06bcc5988d18"

xmldom@0.1.19, xmldom@=0.1.19:
  version "0.1.19"
  resolved "https://registry.yarnpkg.com/xmldom/-/xmldom-0.1.19.tgz#631fc07776efd84118bf25171b37ed4d075a0abc"

xpath.js@>=0.0.3:
  version "1.0.7"
  resolved "https://registry.yarnpkg.com/xpath.js/-/xpath.js-1.0.7.tgz#7e94627f541276cbc6a6b02b5d35e9418565b3e4"
